
Microsoft Visual Studio Solution File, Format Version 12.00
# Visual Studio 14
VisualStudioVersion = 14.0.25420.1
MinimumVisualStudioVersion = 10.0.40219.1
Project("{8BC9CEB8-8B4A-11D0-8D11-00A0C91BC942}") = "Composant_Signature_Test", "Composant_Signature_Test\Composant_Signature_Test.vcxproj", "{DC642ABC-D260-4908-B876-89C6304BAF8C}"
EndProject
Global
	GlobalSection(SolutionConfigurationPlatforms) = preSolution
		Debug|x64 = Debug|x64
		Debug|x86 = Debug|x86
		Release|x64 = Release|x64
		Release|x86 = Release|x86
	EndGlobalSection
	GlobalSection(ProjectConfigurationPlatforms) = postSolution
		{DC642ABC-D260-4908-B876-89C6304BAF8C}.Debug|x64.ActiveCfg = Debug|x64
		{DC642ABC-D260-4908-B876-89C6304BAF8C}.Debug|x64.Build.0 = Debug|x64
		{DC642ABC-D260-4908-B876-89C6304BAF8C}.Debug|x86.ActiveCfg = Debug|Win32
		{DC642ABC-D260-4908-B876-89C6304BAF8C}.Debug|x86.Build.0 = Debug|Win32
		{DC642ABC-D260-4908-B876-89C6304BAF8C}.Release|x64.ActiveCfg = Debug|x64
		{DC642ABC-D260-4908-B876-89C6304BAF8C}.Release|x64.Build.0 = Debug|x64
		{DC642ABC-D260-4908-B876-89C6304BAF8C}.Release|x86.ActiveCfg = Release|Win32
		{DC642ABC-D260-4908-B876-89C6304BAF8C}.Release|x86.Build.0 = Release|Win32
	EndGlobalSection
	GlobalSection(SolutionProperties) = preSolution
		HideSolutionNode = FALSE
	EndGlobalSection
EndGlobal
